
Microsoft Visual Studio Solution File, Format Version 12.00
# Visual Studio Version 17
VisualStudioVersion = 17.4.33205.214
MinimumVisualStudioVersion = 10.0.40219.1
Project("{FAE04EC0-301F-11D3-BF4B-00C04F79EFBC}") = "FamilyBudget", "FamilyBudget\FamilyBudget.csproj", "{C39186B6-1BE7-4DD1-8A32-8349FC1ADC15}"
EndProject
Global
	GlobalSection(SolutionConfigurationPlatforms) = preSolution
		Debug|Any CPU = Debug|Any CPU
		Release|Any CPU = Release|Any CPU
	EndGlobalSection
	GlobalSection(ProjectConfigurationPlatforms) = postSolution
		{C39186B6-1BE7-4DD1-8A32-8349FC1ADC15}.Debug|Any CPU.ActiveCfg = Debug|Any CPU
		{C39186B6-1BE7-4DD1-8A32-8349FC1ADC15}.Debug|Any CPU.Build.0 = Debug|Any CPU
		{C39186B6-1BE7-4DD1-8A32-8349FC1ADC15}.Release|Any CPU.ActiveCfg = Release|Any CPU
		{C39186B6-1BE7-4DD1-8A32-8349FC1ADC15}.Release|Any CPU.Build.0 = Release|Any CPU
	EndGlobalSection
	GlobalSection(SolutionProperties) = preSolution
		HideSolutionNode = FALSE
	EndGlobalSection
	GlobalSection(ExtensibilityGlobals) = postSolution
		SolutionGuid = {C466DD7A-C5EC-4CDE-8748-4FA5AA177E90}
	EndGlobalSection
EndGlobal
